
Microsoft Visual Studio Solution File, Format Version 12.00
# Visual Studio 14
VisualStudioVersion = 14.0.25420.1
MinimumVisualStudioVersion = 10.0.40219.1
Project("{FAE04EC0-301F-11D3-BF4B-00C04F79EFBC}") = "Qek.Common", "Qek.Common\Qek.Common.csproj", "{CAC5FB9F-8708-4CD4-9141-1B0C306D7AA3}"
EndProject
Project("{FAE04EC0-301F-11D3-BF4B-00C04F79EFBC}") = "Qek.Mail", "Qek.Mail\Qek.Mail.csproj", "{EC9872D9-F02C-411D-8EA2-39096BC0DAF1}"
EndProject
Project("{FAE04EC0-301F-11D3-BF4B-00C04F79EFBC}") = "Qek.NHibernate", "Qek.NHibernate\Qek.NHibernate.csproj", "{775918CA-80A4-41BD-90B7-9EF8F51D9CA2}"
EndProject
Project("{FAE04EC0-301F-11D3-BF4B-00C04F79EFBC}") = "Qek.IO", "Qek.IO\Qek.IO.csproj", "{CCB98048-05D1-4337-8929-CD50A90A4CA8}"
EndProject
Project("{FAE04EC0-301F-11D3-BF4B-00C04F79EFBC}") = "Qek.DB", "Qek.DB\Qek.DB.csproj", "{D649EBA9-0D8F-450A-843C-F65057864F7A}"
EndProject
Global
	GlobalSection(SolutionConfigurationPlatforms) = preSolution
		Debug|Any CPU = Debug|Any CPU
		Release|Any CPU = Release|Any CPU
	EndGlobalSection
	GlobalSection(ProjectConfigurationPlatforms) = postSolution
		{CAC5FB9F-8708-4CD4-9141-1B0C306D7AA3}.Debug|Any CPU.ActiveCfg = Debug|Any CPU
		{CAC5FB9F-8708-4CD4-9141-1B0C306D7AA3}.Debug|Any CPU.Build.0 = Debug|Any CPU
		{CAC5FB9F-8708-4CD4-9141-1B0C306D7AA3}.Release|Any CPU.ActiveCfg = Release|Any CPU
		{CAC5FB9F-8708-4CD4-9141-1B0C306D7AA3}.Release|Any CPU.Build.0 = Release|Any CPU
		{EC9872D9-F02C-411D-8EA2-39096BC0DAF1}.Debug|Any CPU.ActiveCfg = Debug|Any CPU
		{EC9872D9-F02C-411D-8EA2-39096BC0DAF1}.Debug|Any CPU.Build.0 = Debug|Any CPU
		{EC9872D9-F02C-411D-8EA2-39096BC0DAF1}.Release|Any CPU.ActiveCfg = Release|Any CPU
		{EC9872D9-F02C-411D-8EA2-39096BC0DAF1}.Release|Any CPU.Build.0 = Release|Any CPU
		{775918CA-80A4-41BD-90B7-9EF8F51D9CA2}.Debug|Any CPU.ActiveCfg = Debug|Any CPU
		{775918CA-80A4-41BD-90B7-9EF8F51D9CA2}.Debug|Any CPU.Build.0 = Debug|Any CPU
		{775918CA-80A4-41BD-90B7-9EF8F51D9CA2}.Release|Any CPU.ActiveCfg = Release|Any CPU
		{775918CA-80A4-41BD-90B7-9EF8F51D9CA2}.Release|Any CPU.Build.0 = Release|Any CPU
		{CCB98048-05D1-4337-8929-CD50A90A4CA8}.Debug|Any CPU.ActiveCfg = Debug|Any CPU
		{CCB98048-05D1-4337-8929-CD50A90A4CA8}.Debug|Any CPU.Build.0 = Debug|Any CPU
		{CCB98048-05D1-4337-8929-CD50A90A4CA8}.Release|Any CPU.ActiveCfg = Release|Any CPU
		{CCB98048-05D1-4337-8929-CD50A90A4CA8}.Release|Any CPU.Build.0 = Release|Any CPU
		{D649EBA9-0D8F-450A-843C-F65057864F7A}.Debug|Any CPU.ActiveCfg = Debug|Any CPU
		{D649EBA9-0D8F-450A-843C-F65057864F7A}.Debug|Any CPU.Build.0 = Debug|Any CPU
		{D649EBA9-0D8F-450A-843C-F65057864F7A}.Release|Any CPU.ActiveCfg = Release|Any CPU
		{D649EBA9-0D8F-450A-843C-F65057864F7A}.Release|Any CPU.Build.0 = Release|Any CPU
	EndGlobalSection
	GlobalSection(SolutionProperties) = preSolution
		HideSolutionNode = FALSE
	EndGlobalSection
EndGlobal
